{"filter":false,"title":"Gemfile.lock","tooltip":"/project/Gemfile.lock","undoManager":{"mark":0,"position":0,"stack":[[{"start":{"row":108,"column":0},"end":{"row":110,"column":0},"action":"remove","lines":["    prawn-table (0.2.2)","      prawn (>= 1.3.0, < 3.0.0)",""],"id":3,"ignore":true},{"start":{"row":140,"column":0},"end":{"row":143,"column":0},"action":"remove","lines":["    receipts (0.2.1)","      prawn (>= 1.3.0, < 3.0.0)","      prawn-table (~> 0.2.1)",""]},{"start":{"row":208,"column":0},"end":{"row":209,"column":0},"action":"insert","lines":["  prawn (~> 2.2.0)",""]},{"start":{"row":211,"column":0},"end":{"row":212,"column":0},"action":"remove","lines":["  receipts",""]}]]},"ace":{"folds":[],"scrolltop":3294,"scrollleft":0,"selection":{"start":{"row":0,"column":0},"end":{"row":0,"column":0},"isBackwards":false},"options":{"guessTabSize":true,"useWrapMode":false,"wrapToView":true},"firstLineState":0},"timestamp":1528732263728,"hash":"9913104db81d775f6f3fc94f83bd45ce86d9e5d5"}